[[package]]
name = "adler32"
version = "1.0.2"
source = "registry+https://github.com/rust-lang/crates.io-index"

[[package]]
name = "aho-corasick"
version = "0.6.4"
source = "registry+https://github.com/rust-lang/crates.io-index"
dependencies = [
 "memchr 2.0.1 (registry+https://github.com/rust-lang/crates.io-index)",
]

[[package]]
name = "android_glue"
version = "0.2.3"
source = "registry+https://github.com/rust-lang/crates.io-index"

[[package]]
name = "approx"
version = "0.1.1"
source = "registry+https://github.com/rust-lang/crates.io-index"

[[package]]
name = "arrayvec"
version = "0.4.7"
source = "registry+https://github.com/rust-lang/crates.io-index"
dependencies = [
 "nodrop 0.1.12 (registry+https://github.com/rust-lang/crates.io-index)",
]

[[package]]
name = "atty"
version = "0.2.6"
source = "registry+https://github.com/rust-lang/crates.io-index"
dependencies = [
 "libc 0.2.36 (registry+https://github.com/rust-lang/crates.io-index)",
 "termion 1.5.1 (registry+https://github.com/rust-lang/crates.io-index)",
 "winapi 0.3.4 (registry+https://github.com/rust-lang/crates.io-index)",
]

[[package]]
name = "bitflags"
version = "1.0.1"
source = "registry+https://github.com/rust-lang/crates.io-index"

[[package]]
name = "block"
version = "0.1.6"
source = "registry+https://github.com/rust-lang/crates.io-index"

[[package]]
name = "byteorder"
version = "1.2.1"
source = "registry+https://github.com/rust-lang/crates.io-index"

[[package]]
name = "cfg-if"
version = "0.1.2"
source = "registry+https://github.com/rust-lang/crates.io-index"

[[package]]
name = "cgl"
version = "0.2.1"
source = "registry+https://github.com/rust-lang/crates.io-index"
dependencies = [
 "gleam 0.4.21 (registry+https://github.com/rust-lang/crates.io-index)",
 "libc 0.2.36 (registry+https://github.com/rust-lang/crates.io-index)",
]

[[package]]
name = "cgmath"
version = "0.16.0"
source = "registry+https://github.com/rust-lang/crates.io-index"
dependencies = [
 "approx 0.1.1 (registry+https://github.com/rust-lang/crates.io-index)",
 "num-traits 0.1.43 (registry+https://github.com/rust-lang/crates.io-index)",
 "rand 0.4.2 (registry+https://github.com/rust-lang/crates.io-index)",
]

[[package]]
name = "chrono"
version = "0.4.0"
source = "registry+https://github.com/rust-lang/crates.io-index"
dependencies = [
 "num 0.1.42 (registry+https://github.com/rust-lang/crates.io-index)",
 "time 0.1.39 (registry+https://github.com/rust-lang/crates.io-index)",
]

[[package]]
name = "cocoa"
version = "0.13.0"
source = "registry+https://github.com/rust-lang/crates.io-index"
dependencies = [
 "bitflags 1.0.1 (registry+https://github.com/rust-lang/crates.io-index)",
 "block 0.1.6 (registry+https://github.com/rust-lang/crates.io-index)",
 "core-graphics 0.12.4 (registry+https://github.com/rust-lang/crates.io-index)",
 "libc 0.2.36 (registry+https://github.com/rust-lang/crates.io-index)",
 "objc 0.2.2 (registry+https://github.com/rust-lang/crates.io-index)",
]

[[package]]
name = "cocoa"
version = "0.14.0"
source = "registry+https://github.com/rust-lang/crates.io-index"
dependencies = [
 "bitflags 1.0.1 (registry+https://github.com/rust-lang/crates.io-index)",
 "block 0.1.6 (registry+https://github.com/rust-lang/crates.io-index)",
 "core-graphics 0.13.0 (registry+https://github.com/rust-lang/crates.io-index)",
 "libc 0.2.36 (registry+https://github.com/rust-lang/crates.io-index)",
 "objc 0.2.2 (registry+https://github.com/rust-lang/crates.io-index)",
]

[[package]]
name = "core-foundation"
version = "0.4.6"
source = "registry+https://github.com/rust-lang/crates.io-index"
dependencies = [
 "core-foundation-sys 0.4.6 (registry+https://github.com/rust-lang/crates.io-index)",
 "libc 0.2.36 (registry+https://github.com/rust-lang/crates.io-index)",
]

[[package]]
name = "core-foundation"
version = "0.5.1"
source = "registry+https://github.com/rust-lang/crates.io-index"
dependencies = [
 "core-foundation-sys 0.5.1 (registry+https://github.com/rust-lang/crates.io-index)",
 "libc 0.2.36 (registry+https://github.com/rust-lang/crates.io-index)",
]

[[package]]
name = "core-foundation-sys"
version = "0.4.6"
source = "registry+https://github.com/rust-lang/crates.io-index"
dependencies = [
 "libc 0.2.36 (registry+https://github.com/rust-lang/crates.io-index)",
]

[[package]]
name = "core-foundation-sys"
version = "0.5.1"
source = "registry+https://github.com/rust-lang/crates.io-index"
dependencies = [
 "libc 0.2.36 (registry+https://github.com/rust-lang/crates.io-index)",
]

[[package]]
name = "core-graphics"
version = "0.12.4"
source = "registry+https://github.com/rust-lang/crates.io-index"
dependencies = [
 "bitflags 1.0.1 (registry+https://github.com/rust-lang/crates.io-index)",
 "core-foundation 0.4.6 (registry+https://github.com/rust-lang/crates.io-index)",
 "foreign-types 0.3.2 (registry+https://github.com/rust-lang/crates.io-index)",
 "libc 0.2.36 (registry+https://github.com/rust-lang/crates.io-index)",
]

[[package]]
name = "core-graphics"
version = "0.13.0"
source = "registry+https://github.com/rust-lang/crates.io-index"
dependencies = [
 "bitflags 1.0.1 (registry+https://github.com/rust-lang/crates.io-index)",
 "core-foundation 0.5.1 (registry+https://github.com/rust-lang/crates.io-index)",
 "foreign-types 0.3.2 (registry+https://github.com/rust-lang/crates.io-index)",
 "libc 0.2.36 (registry+https://github.com/rust-lang/crates.io-index)",
]

[[package]]
name = "deflate"
version = "0.7.17"
source = "registry+https://github.com/rust-lang/crates.io-index"
dependencies = [
 "adler32 1.0.2 (registry+https://github.com/rust-lang/crates.io-index)",
 "byteorder 1.2.1 (registry+https://github.com/rust-lang/crates.io-index)",
]

[[package]]
name = "derivative"
version = "1.0.0"
source = "registry+https://github.com/rust-lang/crates.io-index"
dependencies = [
 "itertools 0.5.10 (registry+https://github.com/rust-lang/crates.io-index)",
 "quote 0.3.15 (registry+https://github.com/rust-lang/crates.io-index)",
 "syn 0.10.8 (registry+https://github.com/rust-lang/crates.io-index)",
]

[[package]]
name = "dlib"
version = "0.4.0"
source = "registry+https://github.com/rust-lang/crates.io-index"
dependencies = [
 "libloading 0.4.3 (registry+https://github.com/rust-lang/crates.io-index)",
]

[[package]]
name = "draw_state"
version = "0.8.0"
source = "registry+https://github.com/rust-lang/crates.io-index"
dependencies = [
 "bitflags 1.0.1 (registry+https://github.com/rust-lang/crates.io-index)",
]

[[package]]
name = "either"
version = "1.4.0"
source = "registry+https://github.com/rust-lang/crates.io-index"

[[package]]
name = "env_logger"
version = "0.5.3"
source = "registry+https://github.com/rust-lang/crates.io-index"
dependencies = [
 "atty 0.2.6 (registry+https://github.com/rust-lang/crates.io-index)",
 "chrono 0.4.0 (registry+https://github.com/rust-lang/crates.io-index)",
 "log 0.4.1 (registry+https://github.com/rust-lang/crates.io-index)",
 "regex 0.2.6 (registry+https://github.com/rust-lang/crates.io-index)",
 "termcolor 0.3.4 (registry+https://github.com/rust-lang/crates.io-index)",
]

[[package]]
name = "foreign-types"
version = "0.3.2"
source = "registry+https://github.com/rust-lang/crates.io-index"
dependencies = [
 "foreign-types-shared 0.1.1 (registry+https://github.com/rust-lang/crates.io-index)",
]

[[package]]
name = "foreign-types-shared"
version = "0.1.1"
source = "registry+https://github.com/rust-lang/crates.io-index"

[[package]]
name = "fuchsia-zircon"
version = "0.3.3"
source = "registry+https://github.com/rust-lang/crates.io-index"
dependencies = [
 "bitflags 1.0.1 (registry+https://github.com/rust-lang/crates.io-index)",
 "fuchsia-zircon-sys 0.3.3 (registry+https://github.com/rust-lang/crates.io-index)",
]

[[package]]
name = "fuchsia-zircon-sys"
version = "0.3.3"
source = "registry+https://github.com/rust-lang/crates.io-index"

[[package]]
name = "gfx"
version = "0.17.1"
source = "registry+https://github.com/rust-lang/crates.io-index"
dependencies = [
 "derivative 1.0.0 (registry+https://github.com/rust-lang/crates.io-index)",
 "draw_state 0.8.0 (registry+https://github.com/rust-lang/crates.io-index)",
 "gfx_core 0.8.2 (registry+https://github.com/rust-lang/crates.io-index)",
 "log 0.4.1 (registry+https://github.com/rust-lang/crates.io-index)",
]

[[package]]
name = "gfx_core"
version = "0.8.2"
source = "registry+https://github.com/rust-lang/crates.io-index"
dependencies = [
 "bitflags 1.0.1 (registry+https://github.com/rust-lang/crates.io-index)",
 "derivative 1.0.0 (registry+https://github.com/rust-lang/crates.io-index)",
 "draw_state 0.8.0 (registry+https://github.com/rust-lang/crates.io-index)",
 "log 0.4.1 (registry+https://github.com/rust-lang/crates.io-index)",
]

[[package]]
name = "gfx_device_gl"
version = "0.15.0"
source = "registry+https://github.com/rust-lang/crates.io-index"
dependencies = [
 "gfx_core 0.8.2 (registry+https://github.com/rust-lang/crates.io-index)",
 "gfx_gl 0.4.0 (registry+https://github.com/rust-lang/crates.io-index)",
 "log 0.4.1 (registry+https://github.com/rust-lang/crates.io-index)",
]

[[package]]
name = "gfx_gl"
version = "0.4.0"
source = "registry+https://github.com/rust-lang/crates.io-index"
dependencies = [
 "gl_generator 0.7.0 (registry+https://github.com/rust-lang/crates.io-index)",
]

[[package]]
name = "gfx_window_glutin"
version = "0.20.0"
source = "registry+https://github.com/rust-lang/crates.io-index"
dependencies = [
 "gfx_core 0.8.2 (registry+https://github.com/rust-lang/crates.io-index)",
 "gfx_device_gl 0.15.0 (registry+https://github.com/rust-lang/crates.io-index)",
 "glutin 0.12.2 (registry+https://github.com/rust-lang/crates.io-index)",
]

[[package]]
name = "gl_generator"
version = "0.7.0"
source = "registry+https://github.com/rust-lang/crates.io-index"
dependencies = [
 "khronos_api 2.1.0 (registry+https://github.com/rust-lang/crates.io-index)",
 "log 0.3.9 (registry+https://github.com/rust-lang/crates.io-index)",
 "xml-rs 0.7.0 (registry+https://github.com/rust-lang/crates.io-index)",
]

[[package]]
name = "gl_generator"
version = "0.8.0"
source = "registry+https://github.com/rust-lang/crates.io-index"
dependencies = [
 "khronos_api 2.1.0 (registry+https://github.com/rust-lang/crates.io-index)",
 "log 0.3.9 (registry+https://github.com/rust-lang/crates.io-index)",
 "xml-rs 0.7.0 (registry+https://github.com/rust-lang/crates.io-index)",
]

[[package]]
name = "gl_generator"
version = "0.9.0"
source = "registry+https://github.com/rust-lang/crates.io-index"
dependencies = [
 "khronos_api 2.1.0 (registry+https://github.com/rust-lang/crates.io-index)",
 "log 0.4.1 (registry+https://github.com/rust-lang/crates.io-index)",
 "xml-rs 0.7.0 (registry+https://github.com/rust-lang/crates.io-index)",
]

[[package]]
name = "gleam"
version = "0.4.21"
source = "registry+https://github.com/rust-lang/crates.io-index"
dependencies = [
 "gl_generator 0.9.0 (registry+https://github.com/rust-lang/crates.io-index)",
 "pkg-config 0.3.9 (registry+https://github.com/rust-lang/crates.io-index)",
]

[[package]]
name = "glutin"
version = "0.12.2"
source = "registry+https://github.com/rust-lang/crates.io-index"
dependencies = [
 "android_glue 0.2.3 (registry+https://github.com/rust-lang/crates.io-index)",
 "cgl 0.2.1 (registry+https://github.com/rust-lang/crates.io-index)",
 "cocoa 0.14.0 (registry+https://github.com/rust-lang/crates.io-index)",
 "core-foundation 0.5.1 (registry+https://github.com/rust-lang/crates.io-index)",
 "core-graphics 0.13.0 (registry+https://github.com/rust-lang/crates.io-index)",
 "gl_generator 0.8.0 (registry+https://github.com/rust-lang/crates.io-index)",
 "lazy_static 1.0.0 (registry+https://github.com/rust-lang/crates.io-index)",
 "libc 0.2.36 (registry+https://github.com/rust-lang/crates.io-index)",
 "objc 0.2.2 (registry+https://github.com/rust-lang/crates.io-index)",
 "osmesa-sys 0.1.2 (registry+https://github.com/rust-lang/crates.io-index)",
 "shared_library 0.1.8 (registry+https://github.com/rust-lang/crates.io-index)",
 "wayland-client 0.12.5 (registry+https://github.com/rust-lang/crates.io-index)",
 "winapi 0.3.4 (registry+https://github.com/rust-lang/crates.io-index)",
 "winit 0.10.0 (registry+https://github.com/rust-lang/crates.io-index)",
 "x11-dl 2.17.2 (registry+https://github.com/rust-lang/crates.io-index)",
]

[[package]]
name = "hate"
version = "0.1.0"
dependencies = [
 "android_glue 0.2.3 (registry+https://github.com/rust-lang/crates.io-index)",
 "cgmath 0.16.0 (registry+https://github.com/rust-lang/crates.io-index)",
 "gfx 0.17.1 (registry+https://github.com/rust-lang/crates.io-index)",
 "gfx_core 0.8.2 (registry+https://github.com/rust-lang/crates.io-index)",
 "gfx_device_gl 0.15.0 (registry+https://github.com/rust-lang/crates.io-index)",
 "gfx_window_glutin 0.20.0 (registry+https://github.com/rust-lang/crates.io-index)",
 "glutin 0.12.2 (registry+https://github.com/rust-lang/crates.io-index)",
 "png 0.11.0 (registry+https://github.com/rust-lang/crates.io-index)",
 "rusttype 0.4.1 (registry+https://github.com/rust-lang/crates.io-index)",
 "serde 1.0.27 (registry+https://github.com/rust-lang/crates.io-index)",
 "serde_derive 1.0.27 (registry+https://github.com/rust-lang/crates.io-index)",
]

[[package]]
name = "inflate"
version = "0.3.4"
source = "registry+https://github.com/rust-lang/crates.io-index"
dependencies = [
 "adler32 1.0.2 (registry+https://github.com/rust-lang/crates.io-index)",
]

[[package]]
name = "itertools"
version = "0.5.10"
source = "registry+https://github.com/rust-lang/crates.io-index"
dependencies = [
 "either 1.4.0 (registry+https://github.com/rust-lang/crates.io-index)",
]

[[package]]
name = "kernel32-sys"
version = "0.2.2"
source = "registry+https://github.com/rust-lang/crates.io-index"
dependencies = [
 "winapi 0.2.8 (registry+https://github.com/rust-lang/crates.io-index)",
 "winapi-build 0.1.1 (registry+https://github.com/rust-lang/crates.io-index)",
]

[[package]]
name = "khronos_api"
version = "2.1.0"
source = "registry+https://github.com/rust-lang/crates.io-index"

[[package]]
name = "lazy_static"
version = "1.0.0"
source = "registry+https://github.com/rust-lang/crates.io-index"

[[package]]
name = "libc"
version = "0.2.36"
source = "registry+https://github.com/rust-lang/crates.io-index"

[[package]]
name = "libloading"
version = "0.4.3"
source = "registry+https://github.com/rust-lang/crates.io-index"
dependencies = [
 "kernel32-sys 0.2.2 (registry+https://github.com/rust-lang/crates.io-index)",
 "lazy_static 1.0.0 (registry+https://github.com/rust-lang/crates.io-index)",
 "winapi 0.2.8 (registry+https://github.com/rust-lang/crates.io-index)",
]

[[package]]
name = "log"
version = "0.3.9"
source = "registry+https://github.com/rust-lang/crates.io-index"
dependencies = [
 "log 0.4.1 (registry+https://github.com/rust-lang/crates.io-index)",
]

[[package]]
name = "log"
version = "0.4.1"
source = "registry+https://github.com/rust-lang/crates.io-index"
dependencies = [
 "cfg-if 0.1.2 (registry+https://github.com/rust-lang/crates.io-index)",
]

[[package]]
name = "malloc_buf"
version = "0.0.6"
source = "registry+https://github.com/rust-lang/crates.io-index"
dependencies = [
 "libc 0.2.36 (registry+https://github.com/rust-lang/crates.io-index)",
]

[[package]]
name = "memchr"
version = "2.0.1"
source = "registry+https://github.com/rust-lang/crates.io-index"
dependencies = [
 "libc 0.2.36 (registry+https://github.com/rust-lang/crates.io-index)",
]

[[package]]
name = "memmap"
version = "0.6.2"
source = "registry+https://github.com/rust-lang/crates.io-index"
dependencies = [
 "libc 0.2.36 (registry+https://github.com/rust-lang/crates.io-index)",
 "winapi 0.3.4 (registry+https://github.com/rust-lang/crates.io-index)",
]

[[package]]
name = "nodrop"
version = "0.1.12"
source = "registry+https://github.com/rust-lang/crates.io-index"

[[package]]
name = "num"
version = "0.1.42"
source = "registry+https://github.com/rust-lang/crates.io-index"
dependencies = [
 "num-integer 0.1.36 (registry+https://github.com/rust-lang/crates.io-index)",
 "num-iter 0.1.35 (registry+https://github.com/rust-lang/crates.io-index)",
 "num-traits 0.2.0 (registry+https://github.com/rust-lang/crates.io-index)",
]

[[package]]
name = "num-integer"
version = "0.1.36"
source = "registry+https://github.com/rust-lang/crates.io-index"
dependencies = [
 "num-traits 0.2.0 (registry+https://github.com/rust-lang/crates.io-index)",
]

[[package]]
name = "num-iter"
version = "0.1.35"
source = "registry+https://github.com/rust-lang/crates.io-index"
dependencies = [
 "num-integer 0.1.36 (registry+https://github.com/rust-lang/crates.io-index)",
 "num-traits 0.2.0 (registry+https://github.com/rust-lang/crates.io-index)",
]

[[package]]
name = "num-traits"
version = "0.1.43"
source = "registry+https://github.com/rust-lang/crates.io-index"
dependencies = [
 "num-traits 0.2.0 (registry+https://github.com/rust-lang/crates.io-index)",
]

[[package]]
name = "num-traits"
version = "0.2.0"
source = "registry+https://github.com/rust-lang/crates.io-index"

[[package]]
name = "objc"
version = "0.2.2"
source = "registry+https://github.com/rust-lang/crates.io-index"
dependencies = [
 "malloc_buf 0.0.6 (registry+https://github.com/rust-lang/crates.io-index)",
]

[[package]]
name = "ordered-float"
version = "0.5.0"
source = "registry+https://github.com/rust-lang/crates.io-index"
dependencies = [
 "num-traits 0.1.43 (registry+https://github.com/rust-lang/crates.io-index)",
 "unreachable 0.1.1 (registry+https://github.com/rust-lang/crates.io-index)",
]

[[package]]
name = "osmesa-sys"
version = "0.1.2"
source = "registry+https://github.com/rust-lang/crates.io-index"
dependencies = [
 "shared_library 0.1.8 (registry+https://github.com/rust-lang/crates.io-index)",
]

[[package]]
name = "percent-encoding"
version = "1.0.1"
source = "registry+https://github.com/rust-lang/crates.io-index"

[[package]]
name = "pkg-config"
version = "0.3.9"
source = "registry+https://github.com/rust-lang/crates.io-index"

[[package]]
name = "png"
version = "0.11.0"
source = "registry+https://github.com/rust-lang/crates.io-index"
dependencies = [
 "bitflags 1.0.1 (registry+https://github.com/rust-lang/crates.io-index)",
 "deflate 0.7.17 (registry+https://github.com/rust-lang/crates.io-index)",
 "inflate 0.3.4 (registry+https://github.com/rust-lang/crates.io-index)",
 "num-iter 0.1.35 (registry+https://github.com/rust-lang/crates.io-index)",
]

[[package]]
name = "quote"
version = "0.3.15"
source = "registry+https://github.com/rust-lang/crates.io-index"

[[package]]
name = "rancor"
version = "0.1.0"

[[package]]
name = "rand"
version = "0.3.22"
source = "registry+https://github.com/rust-lang/crates.io-index"
dependencies = [
 "fuchsia-zircon 0.3.3 (registry+https://github.com/rust-lang/crates.io-index)",
 "libc 0.2.36 (registry+https://github.com/rust-lang/crates.io-index)",
 "rand 0.4.2 (registry+https://github.com/rust-lang/crates.io-index)",
]

[[package]]
name = "rand"
version = "0.4.2"
source = "registry+https://github.com/rust-lang/crates.io-index"
dependencies = [
 "fuchsia-zircon 0.3.3 (registry+https://github.com/rust-lang/crates.io-index)",
 "libc 0.2.36 (registry+https://github.com/rust-lang/crates.io-index)",
 "winapi 0.3.4 (registry+https://github.com/rust-lang/crates.io-index)",
]

[[package]]
name = "redox_syscall"
version = "0.1.37"
source = "registry+https://github.com/rust-lang/crates.io-index"

[[package]]
name = "redox_termios"
version = "0.1.1"
source = "registry+https://github.com/rust-lang/crates.io-index"
dependencies = [
 "redox_syscall 0.1.37 (registry+https://github.com/rust-lang/crates.io-index)",
]

[[package]]
name = "regex"
version = "0.2.6"
source = "registry+https://github.com/rust-lang/crates.io-index"
dependencies = [
 "aho-corasick 0.6.4 (registry+https://github.com/rust-lang/crates.io-index)",
 "memchr 2.0.1 (registry+https://github.com/rust-lang/crates.io-index)",
 "regex-syntax 0.4.2 (registry+https://github.com/rust-lang/crates.io-index)",
 "thread_local 0.3.5 (registry+https://github.com/rust-lang/crates.io-index)",
 "utf8-ranges 1.0.0 (registry+https://github.com/rust-lang/crates.io-index)",
]

[[package]]
name = "regex-syntax"
version = "0.4.2"
source = "registry+https://github.com/rust-lang/crates.io-index"

[[package]]
name = "ron"
version = "0.2.0"
source = "registry+https://github.com/rust-lang/crates.io-index"
dependencies = [
 "bitflags 1.0.1 (registry+https://github.com/rust-lang/crates.io-index)",
 "serde 1.0.27 (registry+https://github.com/rust-lang/crates.io-index)",
]

[[package]]
name = "rusttype"
version = "0.4.1"
source = "registry+https://github.com/rust-lang/crates.io-index"
dependencies = [
 "arrayvec 0.4.7 (registry+https://github.com/rust-lang/crates.io-index)",
 "ordered-float 0.5.0 (registry+https://github.com/rust-lang/crates.io-index)",
 "stb_truetype 0.2.2 (registry+https://github.com/rust-lang/crates.io-index)",
]

[[package]]
name = "serde"
version = "1.0.27"
source = "registry+https://github.com/rust-lang/crates.io-index"
dependencies = [
 "serde_derive 1.0.27 (registry+https://github.com/rust-lang/crates.io-index)",
]

[[package]]
name = "serde_derive"
version = "1.0.27"
source = "registry+https://github.com/rust-lang/crates.io-index"
dependencies = [
 "quote 0.3.15 (registry+https://github.com/rust-lang/crates.io-index)",
 "serde_derive_internals 0.19.0 (registry+https://github.com/rust-lang/crates.io-index)",
 "syn 0.11.11 (registry+https://github.com/rust-lang/crates.io-index)",
]

[[package]]
name = "serde_derive_internals"
version = "0.19.0"
source = "registry+https://github.com/rust-lang/crates.io-index"
dependencies = [
 "syn 0.11.11 (registry+https://github.com/rust-lang/crates.io-index)",
 "synom 0.11.3 (registry+https://github.com/rust-lang/crates.io-index)",
]

[[package]]
name = "shared_library"
version = "0.1.8"
source = "registry+https://github.com/rust-lang/crates.io-index"
dependencies = [
 "lazy_static 1.0.0 (registry+https://github.com/rust-lang/crates.io-index)",
 "libc 0.2.36 (registry+https://github.com/rust-lang/crates.io-index)",
]

[[package]]
name = "stb_truetype"
version = "0.2.2"
source = "registry+https://github.com/rust-lang/crates.io-index"
dependencies = [
 "byteorder 1.2.1 (registry+https://github.com/rust-lang/crates.io-index)",
]

[[package]]
name = "syn"
version = "0.10.8"
source = "registry+https://github.com/rust-lang/crates.io-index"
dependencies = [
 "quote 0.3.15 (registry+https://github.com/rust-lang/crates.io-index)",
 "unicode-xid 0.0.4 (registry+https://github.com/rust-lang/crates.io-index)",
]

[[package]]
name = "syn"
version = "0.11.11"
source = "registry+https://github.com/rust-lang/crates.io-index"
dependencies = [
 "quote 0.3.15 (registry+https://github.com/rust-lang/crates.io-index)",
 "synom 0.11.3 (registry+https://github.com/rust-lang/crates.io-index)",
 "unicode-xid 0.0.4 (registry+https://github.com/rust-lang/crates.io-index)",
]

[[package]]
name = "synom"
version = "0.11.3"
source = "registry+https://github.com/rust-lang/crates.io-index"
dependencies = [
 "unicode-xid 0.0.4 (registry+https://github.com/rust-lang/crates.io-index)",
]

[[package]]
name = "tempfile"
version = "2.2.0"
source = "registry+https://github.com/rust-lang/crates.io-index"
dependencies = [
 "kernel32-sys 0.2.2 (registry+https://github.com/rust-lang/crates.io-index)",
 "libc 0.2.36 (registry+https://github.com/rust-lang/crates.io-index)",
 "rand 0.3.22 (registry+https://github.com/rust-lang/crates.io-index)",
 "redox_syscall 0.1.37 (registry+https://github.com/rust-lang/crates.io-index)",
 "winapi 0.2.8 (registry+https://github.com/rust-lang/crates.io-index)",
]

[[package]]
name = "termcolor"
version = "0.3.4"
source = "registry+https://github.com/rust-lang/crates.io-index"
dependencies = [
 "wincolor 0.1.6 (registry+https://github.com/rust-lang/crates.io-index)",
]

[[package]]
name = "termion"
version = "1.5.1"
source = "registry+https://github.com/rust-lang/crates.io-index"
dependencies = [
 "libc 0.2.36 (registry+https://github.com/rust-lang/crates.io-index)",
 "redox_syscall 0.1.37 (registry+https://github.com/rust-lang/crates.io-index)",
 "redox_termios 0.1.1 (registry+https://github.com/rust-lang/crates.io-index)",
]

[[package]]
name = "thread_local"
version = "0.3.5"
source = "registry+https://github.com/rust-lang/crates.io-index"
dependencies = [
 "lazy_static 1.0.0 (registry+https://github.com/rust-lang/crates.io-index)",
 "unreachable 1.0.0 (registry+https://github.com/rust-lang/crates.io-index)",
]

[[package]]
name = "time"
version = "0.1.39"
source = "registry+https://github.com/rust-lang/crates.io-index"
dependencies = [
 "libc 0.2.36 (registry+https://github.com/rust-lang/crates.io-index)",
 "redox_syscall 0.1.37 (registry+https://github.com/rust-lang/crates.io-index)",
 "winapi 0.3.4 (registry+https://github.com/rust-lang/crates.io-index)",
]

[[package]]
name = "token_store"
version = "0.1.2"
source = "registry+https://github.com/rust-lang/crates.io-index"

[[package]]
name = "unicode-xid"
version = "0.0.4"
source = "registry+https://github.com/rust-lang/crates.io-index"

[[package]]
name = "unreachable"
version = "0.1.1"
source = "registry+https://github.com/rust-lang/crates.io-index"
dependencies = [
 "void 1.0.2 (registry+https://github.com/rust-lang/crates.io-index)",
]

[[package]]
name = "unreachable"
version = "1.0.0"
source = "registry+https://github.com/rust-lang/crates.io-index"
dependencies = [
 "void 1.0.2 (registry+https://github.com/rust-lang/crates.io-index)",
]

[[package]]
name = "utf8-ranges"
version = "1.0.0"
source = "registry+https://github.com/rust-lang/crates.io-index"

[[package]]
name = "void"
version = "1.0.2"
source = "registry+https://github.com/rust-lang/crates.io-index"

[[package]]
name = "wayland-client"
version = "0.12.5"
source = "registry+https://github.com/rust-lang/crates.io-index"
dependencies = [
 "bitflags 1.0.1 (registry+https://github.com/rust-lang/crates.io-index)",
 "libc 0.2.36 (registry+https://github.com/rust-lang/crates.io-index)",
 "token_store 0.1.2 (registry+https://github.com/rust-lang/crates.io-index)",
 "wayland-scanner 0.12.5 (registry+https://github.com/rust-lang/crates.io-index)",
 "wayland-sys 0.12.5 (registry+https://github.com/rust-lang/crates.io-index)",
]

[[package]]
name = "wayland-kbd"
version = "0.13.1"
source = "registry+https://github.com/rust-lang/crates.io-index"
dependencies = [
 "bitflags 1.0.1 (registry+https://github.com/rust-lang/crates.io-index)",
 "dlib 0.4.0 (registry+https://github.com/rust-lang/crates.io-index)",
 "lazy_static 1.0.0 (registry+https://github.com/rust-lang/crates.io-index)",
 "memmap 0.6.2 (registry+https://github.com/rust-lang/crates.io-index)",
 "wayland-client 0.12.5 (registry+https://github.com/rust-lang/crates.io-index)",
]

[[package]]
name = "wayland-protocols"
version = "0.12.5"
source = "registry+https://github.com/rust-lang/crates.io-index"
dependencies = [
 "bitflags 1.0.1 (registry+https://github.com/rust-lang/crates.io-index)",
 "wayland-client 0.12.5 (registry+https://github.com/rust-lang/crates.io-index)",
 "wayland-scanner 0.12.5 (registry+https://github.com/rust-lang/crates.io-index)",
 "wayland-sys 0.12.5 (registry+https://github.com/rust-lang/crates.io-index)",
]

[[package]]
name = "wayland-scanner"
version = "0.12.5"
source = "registry+https://github.com/rust-lang/crates.io-index"
dependencies = [
 "xml-rs 0.7.0 (registry+https://github.com/rust-lang/crates.io-index)",
]

[[package]]
name = "wayland-sys"
version = "0.12.5"
source = "registry+https://github.com/rust-lang/crates.io-index"
dependencies = [
 "dlib 0.4.0 (registry+https://github.com/rust-lang/crates.io-index)",
 "lazy_static 1.0.0 (registry+https://github.com/rust-lang/crates.io-index)",
]

[[package]]
name = "wayland-window"
version = "0.13.2"
source = "registry+https://github.com/rust-lang/crates.io-index"
dependencies = [
 "memmap 0.6.2 (registry+https://github.com/rust-lang/crates.io-index)",
 "tempfile 2.2.0 (registry+https://github.com/rust-lang/crates.io-index)",
 "wayland-client 0.12.5 (registry+https://github.com/rust-lang/crates.io-index)",
 "wayland-protocols 0.12.5 (registry+https://github.com/rust-lang/crates.io-index)",
]

[[package]]
name = "winapi"
version = "0.2.8"
source = "registry+https://github.com/rust-lang/crates.io-index"

[[package]]
name = "winapi"
version = "0.3.4"
source = "registry+https://github.com/rust-lang/crates.io-index"
dependencies = [
 "winapi-i686-pc-windows-gnu 0.4.0 (registry+https://github.com/rust-lang/crates.io-index)",
 "winapi-x86_64-pc-windows-gnu 0.4.0 (registry+https://github.com/rust-lang/crates.io-index)",
]

[[package]]
name = "winapi-build"
version = "0.1.1"
source = "registry+https://github.com/rust-lang/crates.io-index"

[[package]]
name = "winapi-i686-pc-windows-gnu"
version = "0.4.0"
source = "registry+https://github.com/rust-lang/crates.io-index"

[[package]]
name = "winapi-x86_64-pc-windows-gnu"
version = "0.4.0"
source = "registry+https://github.com/rust-lang/crates.io-index"

[[package]]
name = "wincolor"
version = "0.1.6"
source = "registry+https://github.com/rust-lang/crates.io-index"
dependencies = [
 "winapi 0.3.4 (registry+https://github.com/rust-lang/crates.io-index)",
]

[[package]]
name = "winit"
version = "0.10.0"
source = "registry+https://github.com/rust-lang/crates.io-index"
dependencies = [
 "android_glue 0.2.3 (registry+https://github.com/rust-lang/crates.io-index)",
 "cocoa 0.13.0 (registry+https://github.com/rust-lang/crates.io-index)",
 "core-foundation 0.4.6 (registry+https://github.com/rust-lang/crates.io-index)",
 "core-graphics 0.12.4 (registry+https://github.com/rust-lang/crates.io-index)",
 "lazy_static 1.0.0 (registry+https://github.com/rust-lang/crates.io-index)",
 "libc 0.2.36 (registry+https://github.com/rust-lang/crates.io-index)",
 "objc 0.2.2 (registry+https://github.com/rust-lang/crates.io-index)",
 "percent-encoding 1.0.1 (registry+https://github.com/rust-lang/crates.io-index)",
 "wayland-client 0.12.5 (registry+https://github.com/rust-lang/crates.io-index)",
 "wayland-kbd 0.13.1 (registry+https://github.com/rust-lang/crates.io-index)",
 "wayland-protocols 0.12.5 (registry+https://github.com/rust-lang/crates.io-index)",
 "wayland-window 0.13.2 (registry+https://github.com/rust-lang/crates.io-index)",
 "winapi 0.3.4 (registry+https://github.com/rust-lang/crates.io-index)",
 "x11-dl 2.17.2 (registry+https://github.com/rust-lang/crates.io-index)",
]

[[package]]
name = "x11-dl"
version = "2.17.2"
source = "registry+https://github.com/rust-lang/crates.io-index"
dependencies = [
 "lazy_static 1.0.0 (registry+https://github.com/rust-lang/crates.io-index)",
 "libc 0.2.36 (registry+https://github.com/rust-lang/crates.io-index)",
 "pkg-config 0.3.9 (registry+https://github.com/rust-lang/crates.io-index)",
]

[[package]]
name = "xml-rs"
version = "0.7.0"
source = "registry+https://github.com/rust-lang/crates.io-index"
dependencies = [
 "bitflags 1.0.1 (registry+https://github.com/rust-lang/crates.io-index)",
]

[[package]]
name = "zemeroth"
version = "0.1.0"
dependencies = [
 "cgmath 0.16.0 (registry+https://github.com/rust-lang/crates.io-index)",
 "env_logger 0.5.3 (registry+https://github.com/rust-lang/crates.io-index)",
 "hate 0.1.0",
 "log 0.4.1 (registry+https://github.com/rust-lang/crates.io-index)",
 "rancor 0.1.0",
 "rand 0.4.2 (registry+https://github.com/rust-lang/crates.io-index)",
 "ron 0.2.0 (registry+https://github.com/rust-lang/crates.io-index)",
 "serde 1.0.27 (registry+https://github.com/rust-lang/crates.io-index)",
 "serde_derive 1.0.27 (registry+https://github.com/rust-lang/crates.io-index)",
]

[metadata]
"checksum adler32 1.0.2 (registry+https://github.com/rust-lang/crates.io-index)" = "6cbd0b9af8587c72beadc9f72d35b9fbb070982c9e6203e46e93f10df25f8f45"
"checksum aho-corasick 0.6.4 (registry+https://github.com/rust-lang/crates.io-index)" = "d6531d44de723825aa81398a6415283229725a00fa30713812ab9323faa82fc4"
"checksum android_glue 0.2.3 (registry+https://github.com/rust-lang/crates.io-index)" = "000444226fcff248f2bc4c7625be32c63caccfecc2723a2b9f78a7487a49c407"
"checksum approx 0.1.1 (registry+https://github.com/rust-lang/crates.io-index)" = "08abcc3b4e9339e33a3d0a5ed15d84a687350c05689d825e0f6655eef9e76a94"
"checksum arrayvec 0.4.7 (registry+https://github.com/rust-lang/crates.io-index)" = "a1e964f9e24d588183fcb43503abda40d288c8657dfc27311516ce2f05675aef"
"checksum atty 0.2.6 (registry+https://github.com/rust-lang/crates.io-index)" = "8352656fd42c30a0c3c89d26dea01e3b77c0ab2af18230835c15e2e13cd51859"
"checksum bitflags 1.0.1 (registry+https://github.com/rust-lang/crates.io-index)" = "b3c30d3802dfb7281680d6285f2ccdaa8c2d8fee41f93805dba5c4cf50dc23cf"
"checksum block 0.1.6 (registry+https://github.com/rust-lang/crates.io-index)" = "0d8c1fef690941d3e7788d328517591fecc684c084084702d6ff1641e993699a"
"checksum byteorder 1.2.1 (registry+https://github.com/rust-lang/crates.io-index)" = "652805b7e73fada9d85e9a6682a4abd490cb52d96aeecc12e33a0de34dfd0d23"
"checksum cfg-if 0.1.2 (registry+https://github.com/rust-lang/crates.io-index)" = "d4c819a1287eb618df47cc647173c5c4c66ba19d888a6e50d605672aed3140de"
"checksum cgl 0.2.1 (registry+https://github.com/rust-lang/crates.io-index)" = "86765cb42c2a2c497e142af72517c1b4d7ae5bb2f25dfa77a5c69642f2342d89"
"checksum cgmath 0.16.0 (registry+https://github.com/rust-lang/crates.io-index)" = "6f3f4e27f2647652606e9faab058dd8686513a23b276fcd16e85eb0927838ddc"
"checksum chrono 0.4.0 (registry+https://github.com/rust-lang/crates.io-index)" = "7c20ebe0b2b08b0aeddba49c609fe7957ba2e33449882cb186a180bc60682fa9"
"checksum cocoa 0.13.0 (registry+https://github.com/rust-lang/crates.io-index)" = "ac0d785ff4faf0ff23d7b5561346bb50dc7ef9a11cb0e65e07ef776b7752938f"
"checksum cocoa 0.14.0 (registry+https://github.com/rust-lang/crates.io-index)" = "b0c23085dde1ef4429df6e5896b89356d35cdd321fb43afe3e378d010bb5adc6"
"checksum core-foundation 0.4.6 (registry+https://github.com/rust-lang/crates.io-index)" = "8047f547cd6856d45b1cdd75ef8d2f21f3d0e4bf1dab0a0041b0ae9a5dda9c0e"
"checksum core-foundation 0.5.1 (registry+https://github.com/rust-lang/crates.io-index)" = "286e0b41c3a20da26536c6000a280585d519fd07b3956b43aed8a79e9edce980"
"checksum core-foundation-sys 0.4.6 (registry+https://github.com/rust-lang/crates.io-index)" = "152195421a2e6497a8179195672e9d4ee8e45ed8c465b626f1606d27a08ebcd5"
"checksum core-foundation-sys 0.5.1 (registry+https://github.com/rust-lang/crates.io-index)" = "716c271e8613ace48344f723b60b900a93150271e5be206212d052bbc0883efa"
"checksum core-graphics 0.12.4 (registry+https://github.com/rust-lang/crates.io-index)" = "8de78908c558a9ba526877d165635c9eaed0818a785a93efddde1c5bfd2ce5d1"
"checksum core-graphics 0.13.0 (registry+https://github.com/rust-lang/crates.io-index)" = "fb0ed45fdc32f9ab426238fba9407dfead7bacd7900c9b4dd3f396f46eafdae3"
"checksum deflate 0.7.17 (registry+https://github.com/rust-lang/crates.io-index)" = "4dddda59aaab719767ab11d3efd9a714e95b610c4445d4435765021e9d52dfb1"
"checksum derivative 1.0.0 (registry+https://github.com/rust-lang/crates.io-index)" = "67b3d6d0e84e53a5bdc263cc59340541877bb541706a191d762bfac6a481bdde"
"checksum dlib 0.4.0 (registry+https://github.com/rust-lang/crates.io-index)" = "95518d8f88d556e62c9b3014629f21bdad97a9fdfee85c68a185e3980af29e7c"
"checksum draw_state 0.8.0 (registry+https://github.com/rust-lang/crates.io-index)" = "33cf9537e2d06891448799b96d5a8c8083e0e90522a7fdabe6ebf4f41d79d651"
"checksum either 1.4.0 (registry+https://github.com/rust-lang/crates.io-index)" = "740178ddf48b1a9e878e6d6509a1442a2d42fd2928aae8e7a6f8a36fb01981b3"
"checksum env_logger 0.5.3 (registry+https://github.com/rust-lang/crates.io-index)" = "f15f0b172cb4f52ed5dbf47f774a387cd2315d1bf7894ab5af9b083ae27efa5a"
"checksum foreign-types 0.3.2 (registry+https://github.com/rust-lang/crates.io-index)" = "f6f339eb8adc052cd2ca78910fda869aefa38d22d5cb648e6485e4d3fc06f3b1"
"checksum foreign-types-shared 0.1.1 (registry+https://github.com/rust-lang/crates.io-index)" = "00b0228411908ca8685dba7fc2cdd70ec9990a6e753e89b6ac91a84c40fbaf4b"
"checksum fuchsia-zircon 0.3.3 (registry+https://github.com/rust-lang/crates.io-index)" = "2e9763c69ebaae630ba35f74888db465e49e259ba1bc0eda7d06f4a067615d82"
"checksum fuchsia-zircon-sys 0.3.3 (registry+https://github.com/rust-lang/crates.io-index)" = "3dcaa9ae7725d12cdb85b3ad99a434db70b468c09ded17e012d86b5c1010f7a7"
"checksum gfx 0.17.1 (registry+https://github.com/rust-lang/crates.io-index)" = "7d7ce0c1f747245342a73453fdb098ea0764c430421fbc4d98cdc8ef8ede4834"
"checksum gfx_core 0.8.2 (registry+https://github.com/rust-lang/crates.io-index)" = "d85039b7bda0348fee728e6787876138839ced69650129ab65aee7ee58fc6367"
"checksum gfx_device_gl 0.15.0 (registry+https://github.com/rust-lang/crates.io-index)" = "bd623ca10704d54966771a1b2c901b9f4033701e5edb81865c529722887a3054"
"checksum gfx_gl 0.4.0 (registry+https://github.com/rust-lang/crates.io-index)" = "daa001fc5c5d4bc78e0543f04ca3ef123e78fa79cfd7a27179cafddb90251540"
"checksum gfx_window_glutin 0.20.0 (registry+https://github.com/rust-lang/crates.io-index)" = "73aec7a95849ce5f1de58d8fa032e4310d1e9f988f43ce2ab3ba8ea6430acd2b"
"checksum gl_generator 0.7.0 (registry+https://github.com/rust-lang/crates.io-index)" = "04e3e0220a68b8875b5a311fe67ee3b76d3d9b719a92277aff0ec5bb5e7b0ec1"
"checksum gl_generator 0.8.0 (registry+https://github.com/rust-lang/crates.io-index)" = "4f5c19cde55637681450c92f7a05ea16c78e2b6d0587e601ec1ebdab6960854b"
"checksum gl_generator 0.9.0 (registry+https://github.com/rust-lang/crates.io-index)" = "7a795170cbd85b5a7baa58d6d7525cae6a03e486859860c220f7ebbbdd379d0a"
"checksum gleam 0.4.21 (registry+https://github.com/rust-lang/crates.io-index)" = "32ef9deead9e21b757450f0279eeceed0d83a4fdaa007738ac34eb90dd435aed"
"checksum glutin 0.12.2 (registry+https://github.com/rust-lang/crates.io-index)" = "247f825056c99961b6e6e0baef17ca586a50109ab4bba2b370babe1c5d702943"
"checksum inflate 0.3.4 (registry+https://github.com/rust-lang/crates.io-index)" = "f5f9f47468e9a76a6452271efadc88fe865a82be91fe75e6c0c57b87ccea59d4"
"checksum itertools 0.5.10 (registry+https://github.com/rust-lang/crates.io-index)" = "4833d6978da405305126af4ac88569b5d71ff758581ce5a987dbfa3755f694fc"
"checksum kernel32-sys 0.2.2 (registry+https://github.com/rust-lang/crates.io-index)" = "7507624b29483431c0ba2d82aece8ca6cdba9382bff4ddd0f7490560c056098d"
"checksum khronos_api 2.1.0 (registry+https://github.com/rust-lang/crates.io-index)" = "d9ef23fcc4059260c5936f638c9805ebfc87cb172fa6661d130cba7f97d58f55"
"checksum lazy_static 1.0.0 (registry+https://github.com/rust-lang/crates.io-index)" = "c8f31047daa365f19be14b47c29df4f7c3b581832407daabe6ae77397619237d"
"checksum libc 0.2.36 (registry+https://github.com/rust-lang/crates.io-index)" = "1e5d97d6708edaa407429faa671b942dc0f2727222fb6b6539bf1db936e4b121"
"checksum libloading 0.4.3 (registry+https://github.com/rust-lang/crates.io-index)" = "fd38073de8f7965d0c17d30546d4bb6da311ab428d1c7a3fc71dff7f9d4979b9"
"checksum log 0.3.9 (registry+https://github.com/rust-lang/crates.io-index)" = "e19e8d5c34a3e0e2223db8e060f9e8264aeeb5c5fc64a4ee9965c062211c024b"
"checksum log 0.4.1 (registry+https://github.com/rust-lang/crates.io-index)" = "89f010e843f2b1a31dbd316b3b8d443758bc634bed37aabade59c686d644e0a2"
"checksum malloc_buf 0.0.6 (registry+https://github.com/rust-lang/crates.io-index)" = "62bb907fe88d54d8d9ce32a3cceab4218ed2f6b7d35617cafe9adf84e43919cb"
"checksum memchr 2.0.1 (registry+https://github.com/rust-lang/crates.io-index)" = "796fba70e76612589ed2ce7f45282f5af869e0fdd7cc6199fa1aa1f1d591ba9d"
"checksum memmap 0.6.2 (registry+https://github.com/rust-lang/crates.io-index)" = "e2ffa2c986de11a9df78620c01eeaaf27d94d3ff02bf81bfcca953102dd0c6ff"
"checksum nodrop 0.1.12 (registry+https://github.com/rust-lang/crates.io-index)" = "9a2228dca57108069a5262f2ed8bd2e82496d2e074a06d1ccc7ce1687b6ae0a2"
"checksum num 0.1.42 (registry+https://github.com/rust-lang/crates.io-index)" = "4703ad64153382334aa8db57c637364c322d3372e097840c72000dabdcf6156e"
"checksum num-integer 0.1.36 (registry+https://github.com/rust-lang/crates.io-index)" = "f8d26da319fb45674985c78f1d1caf99aa4941f785d384a2ae36d0740bc3e2fe"
"checksum num-iter 0.1.35 (registry+https://github.com/rust-lang/crates.io-index)" = "4b226df12c5a59b63569dd57fafb926d91b385dfce33d8074a412411b689d593"
"checksum num-traits 0.1.43 (registry+https://github.com/rust-lang/crates.io-index)" = "92e5113e9fd4cc14ded8e499429f396a20f98c772a47cc8622a736e1ec843c31"
"checksum num-traits 0.2.0 (registry+https://github.com/rust-lang/crates.io-index)" = "e7de20f146db9d920c45ee8ed8f71681fd9ade71909b48c3acbd766aa504cf10"
"checksum objc 0.2.2 (registry+https://github.com/rust-lang/crates.io-index)" = "877f30f37acef6749b1841cceab289707f211aecfc756553cd63976190e6cc2e"
"checksum ordered-float 0.5.0 (registry+https://github.com/rust-lang/crates.io-index)" = "58d25b6c0e47b20d05226d288ff434940296e7e2f8b877975da32f862152241f"
"checksum osmesa-sys 0.1.2 (registry+https://github.com/rust-lang/crates.io-index)" = "88cfece6e95d2e717e0872a7f53a8684712ad13822a7979bc760b9c77ec0013b"
"checksum percent-encoding 1.0.1 (registry+https://github.com/rust-lang/crates.io-index)" = "31010dd2e1ac33d5b46a5b413495239882813e0369f8ed8a5e266f173602f831"
"checksum pkg-config 0.3.9 (registry+https://github.com/rust-lang/crates.io-index)" = "3a8b4c6b8165cd1a1cd4b9b120978131389f64bdaf456435caa41e630edba903"
"checksum png 0.11.0 (registry+https://github.com/rust-lang/crates.io-index)" = "f0b0cabbbd20c2d7f06dbf015e06aad59b6ca3d9ed14848783e98af9aaf19925"
"checksum quote 0.3.15 (registry+https://github.com/rust-lang/crates.io-index)" = "7a6e920b65c65f10b2ae65c831a81a073a89edd28c7cce89475bff467ab4167a"
"checksum rand 0.3.22 (registry+https://github.com/rust-lang/crates.io-index)" = "15a732abf9d20f0ad8eeb6f909bf6868722d9a06e1e50802b6a70351f40b4eb1"
"checksum rand 0.4.2 (registry+https://github.com/rust-lang/crates.io-index)" = "eba5f8cb59cc50ed56be8880a5c7b496bfd9bd26394e176bc67884094145c2c5"
"checksum redox_syscall 0.1.37 (registry+https://github.com/rust-lang/crates.io-index)" = "0d92eecebad22b767915e4d529f89f28ee96dbbf5a4810d2b844373f136417fd"
"checksum redox_termios 0.1.1 (registry+https://github.com/rust-lang/crates.io-index)" = "7e891cfe48e9100a70a3b6eb652fef28920c117d366339687bd5576160db0f76"
"checksum regex 0.2.6 (registry+https://github.com/rust-lang/crates.io-index)" = "5be5347bde0c48cfd8c3fdc0766cdfe9d8a755ef84d620d6794c778c91de8b2b"
"checksum regex-syntax 0.4.2 (registry+https://github.com/rust-lang/crates.io-index)" = "8e931c58b93d86f080c734bfd2bce7dd0079ae2331235818133c8be7f422e20e"
"checksum ron 0.2.0 (registry+https://github.com/rust-lang/crates.io-index)" = "05db916d7382520467aff87dc667f7eeacf3d95ebdd07a447b1fc86a7a898eb4"
"checksum rusttype 0.4.1 (registry+https://github.com/rust-lang/crates.io-index)" = "24f3d32ca1619041480bd0b4756963762369f1d3f2fcc212c4877042f867b4ca"
"checksum serde 1.0.27 (registry+https://github.com/rust-lang/crates.io-index)" = "db99f3919e20faa51bb2996057f5031d8685019b5a06139b1ce761da671b8526"
"checksum serde_derive 1.0.27 (registry+https://github.com/rust-lang/crates.io-index)" = "f4ba7591cfe93755e89eeecdbcc668885624829b020050e6aec99c2a03bd3fd0"
"checksum serde_derive_internals 0.19.0 (registry+https://github.com/rust-lang/crates.io-index)" = "6e03f1c9530c3fb0a0a5c9b826bdd9246a5921ae995d75f512ac917fc4dd55b5"
"checksum shared_library 0.1.8 (registry+https://github.com/rust-lang/crates.io-index)" = "8254bf098ce4d8d7cc7cc6de438c5488adc5297e5b7ffef88816c0a91bd289c1"
"checksum stb_truetype 0.2.2 (registry+https://github.com/rust-lang/crates.io-index)" = "52ce2b38abdd11cffbc68928810248e0dd003fea489a88a404dc1ba7ae2d5538"
"checksum syn 0.10.8 (registry+https://github.com/rust-lang/crates.io-index)" = "58fd09df59565db3399efbba34ba8a2fec1307511ebd245d0061ff9d42691673"
"checksum syn 0.11.11 (registry+https://github.com/rust-lang/crates.io-index)" = "d3b891b9015c88c576343b9b3e41c2c11a51c219ef067b264bd9c8aa9b441dad"
"checksum synom 0.11.3 (registry+https://github.com/rust-lang/crates.io-index)" = "a393066ed9010ebaed60b9eafa373d4b1baac186dd7e008555b0f702b51945b6"
"checksum tempfile 2.2.0 (registry+https://github.com/rust-lang/crates.io-index)" = "11ce2fe9db64b842314052e2421ac61a73ce41b898dc8e3750398b219c5fc1e0"
"checksum termcolor 0.3.4 (registry+https://github.com/rust-lang/crates.io-index)" = "73e83896da740a4541a6f21606b35f2aa4bada5b65d89dc61114bf9d6ff2dc7e"
"checksum termion 1.5.1 (registry+https://github.com/rust-lang/crates.io-index)" = "689a3bdfaab439fd92bc87df5c4c78417d3cbe537487274e9b0b2dce76e92096"
"checksum thread_local 0.3.5 (registry+https://github.com/rust-lang/crates.io-index)" = "279ef31c19ededf577bfd12dfae728040a21f635b06a24cd670ff510edd38963"
"checksum time 0.1.39 (registry+https://github.com/rust-lang/crates.io-index)" = "a15375f1df02096fb3317256ce2cee6a1f42fc84ea5ad5fc8c421cfe40c73098"
"checksum token_store 0.1.2 (registry+https://github.com/rust-lang/crates.io-index)" = "a686838375fc11103b9c1529c6508320b7bd5e2401cd62831ca51b3e82e61849"
"checksum unicode-xid 0.0.4 (registry+https://github.com/rust-lang/crates.io-index)" = "8c1f860d7d29cf02cb2f3f359fd35991af3d30bac52c57d265a3c461074cb4dc"
"checksum unreachable 0.1.1 (registry+https://github.com/rust-lang/crates.io-index)" = "1f2ae5ddb18e1c92664717616dd9549dde73f539f01bd7b77c2edb2446bdff91"
"checksum unreachable 1.0.0 (registry+https://github.com/rust-lang/crates.io-index)" = "382810877fe448991dfc7f0dd6e3ae5d58088fd0ea5e35189655f84e6814fa56"
"checksum utf8-ranges 1.0.0 (registry+https://github.com/rust-lang/crates.io-index)" = "662fab6525a98beff2921d7f61a39e7d59e0b425ebc7d0d9e66d316e55124122"
"checksum void 1.0.2 (registry+https://github.com/rust-lang/crates.io-index)" = "6a02e4885ed3bc0f2de90ea6dd45ebcbb66dacffe03547fadbb0eeae2770887d"
"checksum wayland-client 0.12.5 (registry+https://github.com/rust-lang/crates.io-index)" = "2b90adf943117ee4930d7944fe103dcb6f36ba05421f46521cb5adbf6bf0fbc8"
"checksum wayland-kbd 0.13.1 (registry+https://github.com/rust-lang/crates.io-index)" = "4fe0fb1c9917da9529d781659e456d84a693d74fe873d1658109758444616f76"
"checksum wayland-protocols 0.12.5 (registry+https://github.com/rust-lang/crates.io-index)" = "fb5942dd2fc79d934db437c9ea3aabffceb49b546046ea453bcba531005e5537"
"checksum wayland-scanner 0.12.5 (registry+https://github.com/rust-lang/crates.io-index)" = "dcffa55a621e6f2c3d436de64d840fc325e1d0a467b92ee5e7292e17552e08ad"
"checksum wayland-sys 0.12.5 (registry+https://github.com/rust-lang/crates.io-index)" = "377a2f83063c463e801ca10ae8cb9666e6e597eecac0049ac36cc7b9a83b0db3"
"checksum wayland-window 0.13.2 (registry+https://github.com/rust-lang/crates.io-index)" = "2d94d3c23f8f2e0a09d82c6ca765da3c1efe65ef0280f750d74a6c6c6bb4ca8f"
"checksum winapi 0.2.8 (registry+https://github.com/rust-lang/crates.io-index)" = "167dc9d6949a9b857f3451275e911c3f44255842c1f7a76f33c55103a909087a"
"checksum winapi 0.3.4 (registry+https://github.com/rust-lang/crates.io-index)" = "04e3bd221fcbe8a271359c04f21a76db7d0c6028862d1bb5512d85e1e2eb5bb3"
"checksum winapi-build 0.1.1 (registry+https://github.com/rust-lang/crates.io-index)" = "2d315eee3b34aca4797b2da6b13ed88266e6d612562a0c46390af8299fc699bc"
"checksum winapi-i686-pc-windows-gnu 0.4.0 (registry+https://github.com/rust-lang/crates.io-index)" = "ac3b87c63620426dd9b991e5ce0329eff545bccbbb34f3be09ff6fb6ab51b7b6"
"checksum winapi-x86_64-pc-windows-gnu 0.4.0 (registry+https://github.com/rust-lang/crates.io-index)" = "712e227841d057c1ee1cd2fb22fa7e5a5461ae8e48fa2ca79ec42cfc1931183f"
"checksum wincolor 0.1.6 (registry+https://github.com/rust-lang/crates.io-index)" = "eeb06499a3a4d44302791052df005d5232b927ed1a9658146d842165c4de7767"
"checksum winit 0.10.0 (registry+https://github.com/rust-lang/crates.io-index)" = "491e1305250e728fd9b8ef86ecef4e17a3293e87e51c7bc31e7a3913ec957d37"
"checksum x11-dl 2.17.2 (registry+https://github.com/rust-lang/crates.io-index)" = "28ec50063128cfdbdfe683b0504a3740e07b779c7c75fa26e941218b5f95e098"
"checksum xml-rs 0.7.0 (registry+https://github.com/rust-lang/crates.io-index)" = "3c1cb601d29fe2c2ac60a2b2e5e293994d87a1f6fa9687a31a15270f909be9c2"
